// !$*UTF8*$!
{
	archiveVersion = 1;
	classes = {
	};
	objectVersion = 46;
	objects = {

/* Begin PBXBuildFile section */
		4D9586601C040DE3009F6A61 /* AppDelegate.swift in Sources */ = {isa = PBXBuildFile; fileRef = 4D95865F1C040DE3009F6A61 /* AppDelegate.swift */; };
		4D9586621C040DE3009F6A61 /* ViewController.swift in Sources */ = {isa = PBXBuildFile; fileRef = 4D9586611C040DE3009F6A61 /* ViewController.swift */; };
		4D9586651C040DE3009F6A61 /* Main.storyboard in Resources */ = {isa = PBXBuildFile; fileRef = 4D9586631C040DE3009F6A61 /* Main.storyboard */; };
		4D9586671C040DE3009F6A61 /* Assets.xcassets in Resources */ = {isa = PBXBuildFile; fileRef = 4D9586661C040DE3009F6A61 /* Assets.xcassets */; };
		4D95866A1C040DE3009F6A61 /* LaunchScreen.storyboard in Resources */ = {isa = PBXBuildFile; fileRef = 4D9586681C040DE3009F6A61 /* LaunchScreen.storyboard */; };
		4D95866F1C040DE3009F6A61 /* Deal With It WatchKit App.app in Embed Watch Content */ = {isa = PBXBuildFile; fileRef = 4D95866E1C040DE3009F6A61 /* Deal With It WatchKit App.app */; };
		4D9586751C040DE3009F6A61 /* Interface.storyboard in Resources */ = {isa = PBXBuildFile; fileRef = 4D9586731C040DE3009F6A61 /* Interface.storyboard */; };
		4D9586771C040DE3009F6A61 /* Assets.xcassets in Resources */ = {isa = PBXBuildFile; fileRef = 4D9586761C040DE3009F6A61 /* Assets.xcassets */; };
		4D95867E1C040DE3009F6A61 /* Deal With It WatchKit Extension.appex in Embed App Extensions */ = {isa = PBXBuildFile; fileRef = 4D95867D1C040DE3009F6A61 /* Deal With It WatchKit Extension.appex */; settings = {ATTRIBUTES = (RemoveHeadersOnCopy, ); }; };
		4D9586831C040DE3009F6A61 /* InterfaceController.swift in Sources */ = {isa = PBXBuildFile; fileRef = 4D9586821C040DE3009F6A61 /* InterfaceController.swift */; };
		4D9586851C040DE3009F6A61 /* ExtensionDelegate.swift in Sources */ = {isa = PBXBuildFile; fileRef = 4D9586841C040DE3009F6A61 /* ExtensionDelegate.swift */; };
		4D9586871C040DE3009F6A61 /* Assets.xcassets in Resources */ = {isa = PBXBuildFile; fileRef = 4D9586861C040DE3009F6A61 /* Assets.xcassets */; };
/* End PBXBuildFile section */

/* Begin PBXContainerItemProxy section */
		4D9586701C040DE3009F6A61 /* PBXContainerItemProxy */ = {
			isa = PBXContainerItemProxy;
			containerPortal = 4D9586541C040DE3009F6A61 /* Project object */;
			proxyType = 1;
			remoteGlobalIDString = 4D95866D1C040DE3009F6A61;
			remoteInfo = "Deal With It WatchKit App";
		};
		4D95867F1C040DE3009F6A61 /* PBXContainerItemProxy */ = {
			isa = PBXContainerItemProxy;
			containerPortal = 4D9586541C040DE3009F6A61 /* Project object */;
			proxyType = 1;
			remoteGlobalIDString = 4D95867C1C040DE3009F6A61;
			remoteInfo = "Deal With It WatchKit Extension";
		};
/* End PBXContainerItemProxy section */

/* Begin PBXCopyFilesBuildPhase section */
		4D95868E1C040DE3009F6A61 /* Embed App Extensions */ = {
			isa = PBXCopyFilesBuildPhase;
			buildActionMask = 2147483647;
			dstPath = "";
			dstSubfolderSpec = 13;
			files = (
				4D95867E1C040DE3009F6A61 /* Deal With It WatchKit Extension.appex in Embed App Extensions */,
			);
			name = "Embed App Extensions";
			runOnlyForDeploymentPostprocessing = 0;
		};
		4D9586921C040DE3009F6A61 /* Embed Watch Content */ = {
			isa = PBXCopyFilesBuildPhase;
			buildActionMask = 2147483647;
			dstPath = "$(CONTENTS_FOLDER_PATH)/Watch";
			dstSubfolderSpec = 16;
			files = (
				4D95866F1C040DE3009F6A61 /* Deal With It WatchKit App.app in Embed Watch Content */,
			);
			name = "Embed Watch Content";
			runOnlyForDeploymentPostprocessing = 0;
		};
/* End PBXCopyFilesBuildPhase section */

/* Begin PBXFileReference section */
		4D95865C1C040DE3009F6A61 /* Deal With It.app */ = {isa = PBXFileReference; explicitFileType = wrapper.application; includeInIndex = 0; path = "Deal With It.app"; sourceTree = BUILT_PRODUCTS_DIR; };
		4D95865F1C040DE3009F6A61 /* AppDelegate.swift */ = {isa = PBXFileReference; lastKnownFileType = sourcecode.swift; path = AppDelegate.swift; sourceTree = "<group>"; };
		4D9586611C040DE3009F6A61 /* ViewController.swift */ = {isa = PBXFileReference; lastKnownFileType = sourcecode.swift; path = ViewController.swift; sourceTree = "<group>"; };
		4D9586641C040DE3009F6A61 /* Base */ = {isa = PBXFileReference; lastKnownFileType = file.storyboard; name = Base; path = Base.lproj/Main.storyboard; sourceTree = "<group>"; };
		4D9586661C040DE3009F6A61 /* Assets.xcassets */ = {isa = PBXFileReference; lastKnownFileType = folder.assetcatalog; path = Assets.xcassets; sourceTree = "<group>"; };
		4D9586691C040DE3009F6A61 /* Base */ = {isa = PBXFileReference; lastKnownFileType = file.storyboard; name = Base; path = Base.lproj/LaunchScreen.storyboard; sourceTree = "<group>"; };
		4D95866B1C040DE3009F6A61 /* Info.plist */ = {isa = PBXFileReference; lastKnownFileType = text.plist.xml; path = Info.plist; sourceTree = "<group>"; };
		4D95866E1C040DE3009F6A61 /* Deal With It WatchKit App.app */ = {isa = PBXFileReference; explicitFileType = wrapper.application; includeInIndex = 0; path = "Deal With It WatchKit App.app"; sourceTree = BUILT_PRODUCTS_DIR; };
		4D9586741C040DE3009F6A61 /* Base */ = {isa = PBXFileReference; lastKnownFileType = file.storyboard; name = Base; path = Base.lproj/Interface.storyboard; sourceTree = "<group>"; };
		4D9586761C040DE3009F6A61 /* Assets.xcassets */ = {isa = PBXFileReference; lastKnownFileType = folder.assetcatalog; path = Assets.xcassets; sourceTree = "<group>"; };
		4D9586781C040DE3009F6A61 /* Info.plist */ = {isa = PBXFileReference; lastKnownFileType = text.plist.xml; path = Info.plist; sourceTree = "<group>"; };
		4D95867D1C040DE3009F6A61 /* Deal With It WatchKit Extension.appex */ = {isa = PBXFileReference; explicitFileType = "wrapper.app-extension"; includeInIndex = 0; path = "Deal With It WatchKit Extension.appex"; sourceTree = BUILT_PRODUCTS_DIR; };
		4D9586821C040DE3009F6A61 /* InterfaceController.swift */ = {isa = PBXFileReference; lastKnownFileType = sourcecode.swift; path = InterfaceController.swift; sourceTree = "<group>"; };
		4D9586841C040DE3009F6A61 /* ExtensionDelegate.swift */ = {isa = PBXFileReference; lastKnownFileType = sourcecode.swift; path = ExtensionDelegate.swift; sourceTree = "<group>"; };
		4D9586861C040DE3009F6A61 /* Assets.xcassets */ = {isa = PBXFileReference; lastKnownFileType = folder.assetcatalog; path = Assets.xcassets; sourceTree = "<group>"; };
		4D9586881C040DE3009F6A61 /* Info.plist */ = {isa = PBXFileReference; lastKnownFileType = text.plist.xml; path = Info.plist; sourceTree = "<group>"; };
/* End PBXFileReference section */

/* Begin PBXFrameworksBuildPhase section */
		4D9586591C040DE3009F6A61 /* Frameworks */ = {
			isa = PBXFrameworksBuildPhase;
			buildActionMask = 2147483647;
			files = (
			);
			runOnlyForDeploymentPostprocessing = 0;
		};
		4D95867A1C040DE3009F6A61 /* Frameworks */ = {
			isa = PBXFrameworksBuildPhase;
			buildActionMask = 2147483647;
			files = (
			);
			runOnlyForDeploymentPostprocessing = 0;
		};
/* End PBXFrameworksBuildPhase section */

/* Begin PBXGroup section */
		4D9586531C040DE3009F6A61 = {
			isa = PBXGroup;
			children = (
				4D95865E1C040DE3009F6A61 /* Deal With It */,
				4D9586721C040DE3009F6A61 /* Deal With It WatchKit App */,
				4D9586811C040DE3009F6A61 /* Deal With It WatchKit Extension */,
				4D95865D1C040DE3009F6A61 /* Products */,
			);
			sourceTree = "<group>";
		};
		4D95865D1C040DE3009F6A61 /* Products */ = {
			isa = PBXGroup;
			children = (
				4D95865C1C040DE3009F6A61 /* Deal With It.app */,
				4D95866E1C040DE3009F6A61 /* Deal With It WatchKit App.app */,
				4D95867D1C040DE3009F6A61 /* Deal With It WatchKit Extension.appex */,
			);
			name = Products;
			sourceTree = "<group>";
		};
		4D95865E1C040DE3009F6A61 /* Deal With It */ = {
			isa = PBXGroup;
			children = (
				4D95865F1C040DE3009F6A61 /* AppDelegate.swift */,
				4D9586611C040DE3009F6A61 /* ViewController.swift */,
				4D9586631C040DE3009F6A61 /* Main.storyboard */,
				4D9586661C040DE3009F6A61 /* Assets.xcassets */,
				4D9586681C040DE3009F6A61 /* LaunchScreen.storyboard */,
				4D95866B1C040DE3009F6A61 /* Info.plist */,
			);
			path = "Deal With It";
			sourceTree = "<group>";
		};
		4D9586721C040DE3009F6A61 /* Deal With It WatchKit App */ = {
			isa = PBXGroup;
			children = (
				4D9586731C040DE3009F6A61 /* Interface.storyboard */,
				4D9586761C040DE3009F6A61 /* Assets.xcassets */,
				4D9586781C040DE3009F6A61 /* Info.plist */,
			);
			path = "Deal With It WatchKit App";
			sourceTree = "<group>";
		};
		4D9586811C040DE3009F6A61 /* Deal With It WatchKit Extension */ = {
			isa = PBXGroup;
			children = (
				4D9586821C040DE3009F6A61 /* InterfaceController.swift */,
				4D9586841C040DE3009F6A61 /* ExtensionDelegate.swift */,
				4D9586861C040DE3009F6A61 /* Assets.xcassets */,
				4D9586881C040DE3009F6A61 /* Info.plist */,
			);
			path = "Deal With It WatchKit Extension";
			sourceTree = "<group>";
		};
/* End PBXGroup section */

/* Begin PBXNativeTarget section */
		4D95865B1C040DE3009F6A61 /* Deal With It */ = {
			isa = PBXNativeTarget;
			buildConfigurationList = 4D9586931C040DE3009F6A61 /* Build configuration list for PBXNativeTarget "Deal With It" */;
			buildPhases = (
				4D9586581C040DE3009F6A61 /* Sources */,
				4D9586591C040DE3009F6A61 /* Frameworks */,
				4D95865A1C040DE3009F6A61 /* Resources */,
				4D9586921C040DE3009F6A61 /* Embed Watch Content */,
			);
			buildRules = (
			);
			dependencies = (
				4D9586711C040DE3009F6A61 /* PBXTargetDependency */,
			);
			name = "Deal With It";
			productName = "Deal With It";
			productReference = 4D95865C1C040DE3009F6A61 /* Deal With It.app */;
			productType = "com.apple.product-type.application";
		};
		4D95866D1C040DE3009F6A61 /* Deal With It WatchKit App */ = {
			isa = PBXNativeTarget;
			buildConfigurationList = 4D95868F1C040DE3009F6A61 /* Build configuration list for PBXNativeTarget "Deal With It WatchKit App" */;
			buildPhases = (
				4D95866C1C040DE3009F6A61 /* Resources */,
				4D95868E1C040DE3009F6A61 /* Embed App Extensions */,
			);
			buildRules = (
			);
			dependencies = (
				4D9586801C040DE3009F6A61 /* PBXTargetDependency */,
			);
			name = "Deal With It WatchKit App";
			productName = "Deal With It WatchKit App";
			productReference = 4D95866E1C040DE3009F6A61 /* Deal With It WatchKit App.app */;
			productType = "com.apple.product-type.application.watchapp2";
		};
		4D95867C1C040DE3009F6A61 /* Deal With It WatchKit Extension */ = {
			isa = PBXNativeTarget;
			buildConfigurationList = 4D95868B1C040DE3009F6A61 /* Build configuration list for PBXNativeTarget "Deal With It WatchKit Extension" */;
			buildPhases = (
				4D9586791C040DE3009F6A61 /* Sources */,
				4D95867A1C040DE3009F6A61 /* Frameworks */,
				4D95867B1C040DE3009F6A61 /* Resources */,
			);
			buildRules = (
			);
			dependencies = (
			);
			name = "Deal With It WatchKit Extension";
			productName = "Deal With It WatchKit Extension";
			productReference = 4D95867D1C040DE3009F6A61 /* Deal With It WatchKit Extension.appex */;
			productType = "com.apple.product-type.watchkit2-extension";
		};
/* End PBXNativeTarget section */

/* Begin PBXProject section */
		4D9586541C040DE3009F6A61 /* Project object */ = {
			isa = PBXProject;
			attributes = {
				LastUpgradeCheck = 0700;
				ORGANIZATIONNAME = "Build watchOS Apps";
				TargetAttributes = {
					4D95865B1C040DE3009F6A61 = {
						CreatedOnToolsVersion = 7.0.1;
					};
					4D95866D1C040DE3009F6A61 = {
						CreatedOnToolsVersion = 7.0.1;
					};
					4D95867C1C040DE3009F6A61 = {
						CreatedOnToolsVersion = 7.0.1;
					};
				};
			};
			buildConfigurationList = 4D9586571C040DE3009F6A61 /* Build configuration list for PBXProject "Deal With It" */;
			compatibilityVersion = "Xcode 3.2";
			developmentRegion = English;
			hasScannedForEncodings = 0;
			knownRegions = (
				en,
				Base,
			);
			mainGroup = 4D9586531C040DE3009F6A61;
			productRefGroup = 4D95865D1C040DE3009F6A61 /* Products */;
			projectDirPath = "";
			projectRoot = "";
			targets = (
				4D95865B1C040DE3009F6A61 /* Deal With It */,
				4D95866D1C040DE3009F6A61 /* Deal With It WatchKit App */,
				4D95867C1C040DE3009F6A61 /* Deal With It WatchKit Extension */,
			);
		};
/* End PBXProject section */

/* Begin PBXResourcesBuildPhase section */
		4D95865A1C040DE3009F6A61 /* Resources */ = {
			isa = PBXResourcesBuildPhase;
			buildActionMask = 2147483647;
			files = (
				4D95866A1C040DE3009F6A61 /* LaunchScreen.storyboard in Resources */,
				4D9586671C040DE3009F6A61 /* Assets.xcassets in Resources */,
				4D9586651C040DE3009F6A61 /* Main.storyboard in Resources */,
			);
			runOnlyForDeploymentPostprocessing = 0;
		};
		4D95866C1C040DE3009F6A61 /* Resources */ = {
			isa = PBXResourcesBuildPhase;
			buildActionMask = 2147483647;
			files = (
				4D9586771C040DE3009F6A61 /* Assets.xcassets in Resources */,
				4D9586751C040DE3009F6A61 /* Interface.storyboard in Resources */,
			);
			runOnlyForDeploymentPostprocessing = 0;
		};
		4D95867B1C040DE3009F6A61 /* Resources */ = {
			isa = PBXResourcesBuildPhase;
			buildActionMask = 2147483647;
			files = (
				4D9586871C040DE3009F6A61 /* Assets.xcassets in Resources */,
			);
			runOnlyForDeploymentPostprocessing = 0;
		};
/* End PBXResourcesBuildPhase section */

/* Begin PBXSourcesBuildPhase section */
		4D9586581C040DE3009F6A61 /* Sources */ = {
			isa = PBXSourcesBuildPhase;
			buildActionMask = 2147483647;
			files = (
				4D9586621C040DE3009F6A61 /* ViewController.swift in Sources */,
				4D9586601C040DE3009F6A61 /* AppDelegate.swift in Sources */,
			);
			runOnlyForDeploymentPostprocessing = 0;
		};
		4D9586791C040DE3009F6A61 /* Sources */ = {
			isa = PBXSourcesBuildPhase;
			buildActionMask = 2147483647;
			files = (
				4D9586851C040DE3009F6A61 /* ExtensionDelegate.swift in Sources */,
				4D9586831C040DE3009F6A61 /* InterfaceController.swift in Sources */,
			);
			runOnlyForDeploymentPostprocessing = 0;
		};
/* End PBXSourcesBuildPhase section */

/* Begin PBXTargetDependency section */
		4D9586711C040DE3009F6A61 /* PBXTargetDependency */ = {
			isa = PBXTargetDependency;
			target = 4D95866D1C040DE3009F6A61 /* Deal With It WatchKit App */;
			targetProxy = 4D9586701C040DE3009F6A61 /* PBXContainerItemProxy */;
		};
		4D9586801C040DE3009F6A61 /* PBXTargetDependency */ = {
			isa = PBXTargetDependency;
			target = 4D95867C1C040DE3009F6A61 /* Deal With It WatchKit Extension */;
			targetProxy = 4D95867F1C040DE3009F6A61 /* PBXContainerItemProxy */;
		};
/* End PBXTargetDependency section */

/* Begin PBXVariantGroup section */
		4D9586631C040DE3009F6A61 /* Main.storyboard */ = {
			isa = PBXVariantGroup;
			children = (
				4D9586641C040DE3009F6A61 /* Base */,
			);
			name = Main.storyboard;
			sourceTree = "<group>";
		};
		4D9586681C040DE3009F6A61 /* LaunchScreen.storyboard */ = {
			isa = PBXVariantGroup;
			children = (
				4D9586691C040DE3009F6A61 /* Base */,
			);
			name = LaunchScreen.storyboard;
			sourceTree = "<group>";
		};
		4D9586731C040DE3009F6A61 /* Interface.storyboard */ = {
			isa = PBXVariantGroup;
			children = (
				4D9586741C040DE3009F6A61 /* Base */,
			);
			name = Interface.storyboard;
			sourceTree = "<group>";
		};
/* End PBXVariantGroup section */

/* Begin XCBuildConfiguration section */
		4D9586891C040DE3009F6A61 /* Debug */ = {
			isa = XCBuildConfiguration;
			buildSettings = {
				ALWAYS_SEARCH_USER_PATHS = NO;
				CLANG_CXX_LANGUAGE_STANDARD = "gnu++0x";
				CLANG_CXX_LIBRARY = "libc++";
				CLANG_ENABLE_MODULES = YES;
				CLANG_ENABLE_OBJC_ARC = YES;
				CLANG_WARN_BOOL_CONVERSION = YES;
				CLANG_WARN_CONSTANT_CONVERSION = YES;
				CLANG_WARN_DIRECT_OBJC_ISA_USAGE = YES_ERROR;
				CLANG_WARN_EMPTY_BODY = YES;
				CLANG_WARN_ENUM_CONVERSION = YES;
				CLANG_WARN_INT_CONVERSION = YES;
				CLANG_WARN_OBJC_ROOT_CLASS = YES_ERROR;
				CLANG_WARN_UNREACHABLE_CODE = YES;
				CLANG_WARN__DUPLICATE_METHOD_MATCH = YES;
				"CODE_SIGN_IDENTITY[sdk=iphoneos*]" = "iPhone Developer";
				COPY_PHASE_STRIP = NO;
				DEBUG_INFORMATION_FORMAT = dwarf;
				ENABLE_STRICT_OBJC_MSGSEND = YES;
				ENABLE_TESTABILITY = YES;
				GCC_C_LANGUAGE_STANDARD = gnu99;
				GCC_DYNAMIC_NO_PIC = NO;
				GCC_NO_COMMON_BLOCKS = YES;
				GCC_OPTIMIZATION_LEVEL = 0;
				GCC_PREPROCESSOR_DEFINITIONS = (
					"DEBUG=1",
					"$(inherited)",
				);
				GCC_WARN_64_TO_32_BIT_CONVERSION = YES;
				GCC_WARN_ABOUT_RETURN_TYPE = YES_ERROR;
				GCC_WARN_UNDECLARED_SELECTOR = YES;
				GCC_WARN_UNINITIALIZED_AUTOS = YES_AGGRESSIVE;
				GCC_WARN_UNUSED_FUNCTION = YES;
				GCC_WARN_UNUSED_VARIABLE = YES;
				IPHONEOS_DEPLOYMENT_TARGET = 9.0;
				MTL_ENABLE_DEBUG_INFO = YES;
				ONLY_ACTIVE_ARCH = YES;
				SDKROOT = iphoneos;
				SWIFT_OPTIMIZATION_LEVEL = "-Onone";
			};
			name = Debug;
		};
		4D95868A1C040DE3009F6A61 /* Release */ = {
			isa = XCBuildConfiguration;
			buildSettings = {
				ALWAYS_SEARCH_USER_PATHS = NO;
				CLANG_CXX_LANGUAGE_STANDARD = "gnu++0x";
				CLANG_CXX_LIBRARY = "libc++";
				CLANG_ENABLE_MODULES = YES;
				CLANG_ENABLE_OBJC_ARC = YES;
				CLANG_WARN_BOOL_CONVERSION = YES;
				CLANG_WARN_CONSTANT_CONVERSION = YES;
				CLANG_WARN_DIRECT_OBJC_ISA_USAGE = YES_ERROR;
				CLANG_WARN_EMPTY_BODY = YES;
				CLANG_WARN_ENUM_CONVERSION = YES;
				CLANG_WARN_INT_CONVERSION = YES;
				CLANG_WARN_OBJC_ROOT_CLASS = YES_ERROR;
				CLANG_WARN_UNREACHABLE_CODE = YES;
				CLANG_WARN__DUPLICATE_METHOD_MATCH = YES;
				"CODE_SIGN_IDENTITY[sdk=iphoneos*]" = "iPhone Developer";
				COPY_PHASE_STRIP = NO;
				DEBUG_INFORMATION_FORMAT = "dwarf-with-dsym";
				ENABLE_NS_ASSERTIONS = NO;
				ENABLE_STRICT_OBJC_MSGSEND = YES;
				GCC_C_LANGUAGE_STANDARD = gnu99;
				GCC_NO_COMMON_BLOCKS = YES;
				GCC_WARN_64_TO_32_BIT_CONVERSION = YES;
				GCC_WARN_ABOUT_RETURN_TYPE = YES_ERROR;
				GCC_WARN_UNDECLARED_SELECTOR = YES;
				GCC_WARN_UNINITIALIZED_AUTOS = YES_AGGRESSIVE;
				GCC_WARN_UNUSED_FUNCTION = YES;
				GCC_WARN_UNUSED_VARIABLE = YES;
				IPHONEOS_DEPLOYMENT_TARGET = 9.0;
				MTL_ENABLE_DEBUG_INFO = NO;
				SDKROOT = iphoneos;
				VALIDATE_PRODUCT = YES;
			};
			name = Release;
		};
		4D95868C1C040DE3009F6A61 /* Debug */ = {
			isa = XCBuildConfiguration;
			buildSettings = {
				INFOPLIST_FILE = "Deal With It WatchKit Extension/Info.plist";
				LD_RUNPATH_SEARCH_PATHS = "$(inherited) @executable_path/Frameworks @executable_path/../../Frameworks";
				PRODUCT_BUNDLE_IDENTIFIER = "build.watchosapps.Deal-With-It.watchkitapp.watchkitextension";
				PRODUCT_NAME = "${TARGET_NAME}";
				SDKROOT = watchos;
				SKIP_INSTALL = YES;
				TARGETED_DEVICE_FAMILY = 4;
				WATCHOS_DEPLOYMENT_TARGET = 2.0;
			};
			name = Debug;
		};
		4D95868D1C040DE3009F6A61 /* Release */ = {
			isa = XCBuildConfiguration;
			buildSettings = {
				INFOPLIST_FILE = "Deal With It WatchKit Extension/Info.plist";
				LD_RUNPATH_SEARCH_PATHS = "$(inherited) @executable_path/Frameworks @executable_path/../../Frameworks";
				PRODUCT_BUNDLE_IDENTIFIER = "build.watchosapps.Deal-With-It.watchkitapp.watchkitextension";
				PRODUCT_NAME = "${TARGET_NAME}";
				SDKROOT = watchos;
				SKIP_INSTALL = YES;
				TARGETED_DEVICE_FAMILY = 4;
				WATCHOS_DEPLOYMENT_TARGET = 2.0;
			};
			name = Release;
		};
		4D9586901C040DE3009F6A61 /* Debug */ = {
			isa = XCBuildConfiguration;
			buildSettings = {
				ASSETCATALOG_COMPILER_APPICON_NAME = AppIcon;
				EMBEDDED_CONTENT_CONTAINS_SWIFT = YES;
				IBSC_MODULE = Deal_With_It_WatchKit_Extension;
				INFOPLIST_FILE = "Deal With It WatchKit App/Info.plist";
				PRODUCT_BUNDLE_IDENTIFIER = "build.watchosapps.Deal-With-It.watchkitapp";
				PRODUCT_NAME = "$(TARGET_NAME)";
				SDKROOT = watchos;
				SKIP_INSTALL = YES;
				TARGETED_DEVICE_FAMILY = 4;
				WATCHOS_DEPLOYMENT_TARGET = 2.0;
			};
			name = Debug;
		};
		4D9586911C040DE3009F6A61 /* Release */ = {
			isa = XCBuildConfiguration;
			buildSettings = {
				ASSETCATALOG_COMPILER_APPICON_NAME = AppIcon;
				EMBEDDED_CONTENT_CONTAINS_SWIFT = YES;
				IBSC_MODULE = Deal_With_It_WatchKit_Extension;
				INFOPLIST_FILE = "Deal With It WatchKit App/Info.plist";
				PRODUCT_BUNDLE_IDENTIFIER = "build.watchosapps.Deal-With-It.watchkitapp";
				PRODUCT_NAME = "$(TARGET_NAME)";
				SDKROOT = watchos;
				SKIP_INSTALL = YES;
				TARGETED_DEVICE_FAMILY = 4;
				WATCHOS_DEPLOYMENT_TARGET = 2.0;
			};
			name = Release;
		};
		4D9586941C040DE3009F6A61 /* Debug */ = {
			isa = XCBuildConfiguration;
			buildSettings = {
				ASSETCATALOG_COMPILER_APPICON_NAME = AppIcon;
				INFOPLIST_FILE = "Deal With It/Info.plist";
				LD_RUNPATH_SEARCH_PATHS = "$(inherited) @executable_path/Frameworks";
				PRODUCT_BUNDLE_IDENTIFIER = "build.watchosapps.Deal-With-It";
				PRODUCT_NAME = "$(TARGET_NAME)";
			};
			name = Debug;
		};
		4D9586951C040DE3009F6A61 /* Release */ = {
			isa = XCBuildConfiguration;
			buildSettings = {
				ASSETCATALOG_COMPILER_APPICON_NAME = AppIcon;
				INFOPLIST_FILE = "Deal With It/Info.plist";
				LD_RUNPATH_SEARCH_PATHS = "$(inherited) @executable_path/Frameworks";
				PRODUCT_BUNDLE_IDENTIFIER = "build.watchosapps.Deal-With-It";
				PRODUCT_NAME = "$(TARGET_NAME)";
			};
			name = Release;
		};
/* End XCBuildConfiguration section */

/* Begin XCConfigurationList section */
		4D9586571C040DE3009F6A61 /* Build configuration list for PBXProject "Deal With It" */ = {
			isa = XCConfigurationList;
			buildConfigurations = (
				4D9586891C040DE3009F6A61 /* Debug */,
				4D95868A1C040DE3009F6A61 /* Release */,
			);
			defaultConfigurationIsVisible = 0;
			defaultConfigurationName = Release;
		};
		4D95868B1C040DE3009F6A61 /* Build configuration list for PBXNativeTarget "Deal With It WatchKit Extension" */ = {
			isa = XCConfigurationList;
			buildConfigurations = (
				4D95868C1C040DE3009F6A61 /* Debug */,
				4D95868D1C040DE3009F6A61 /* Release */,
			);
			defaultConfigurationIsVisible = 0;
		};
		4D95868F1C040DE3009F6A61 /* Build configuration list for PBXNativeTarget "Deal With It WatchKit App" */ = {
			isa = XCConfigurationList;
			buildConfigurations = (
				4D9586901C040DE3009F6A61 /* Debug */,
				4D9586911C040DE3009F6A61 /* Release */,
			);
			defaultConfigurationIsVisible = 0;
		};
		4D9586931C040DE3009F6A61 /* Build configuration list for PBXNativeTarget "Deal With It" */ = {
			isa = XCConfigurationList;
			buildConfigurations = (
				4D9586941C040DE3009F6A61 /* Debug */,
				4D9586951C040DE3009F6A61 /* Release */,
			);
			defaultConfigurationIsVisible = 0;
		};
/* End XCConfigurationList section */
	};
	rootObject = 4D9586541C040DE3009F6A61 /* Project object */;
}
